
Microsoft Visual Studio Solution File, Format Version 12.00
# Visual Studio Version 17
VisualStudioVersion = 17.6.33829.357
MinimumVisualStudioVersion = 10.0.40219.1
Project("{FAE04EC0-301F-11D3-BF4B-00C04F79EFBC}") = "CareTakerCT", "CareTakerCT\CareTakerCT.csproj", "{EF59480B-34C3-4007-AE6C-7A87D28FC02B}"
EndProject
Global
	GlobalSection(SolutionConfigurationPlatforms) = preSolution
		Debug|Any CPU = Debug|Any CPU
		Release|Any CPU = Release|Any CPU
	EndGlobalSection
	GlobalSection(ProjectConfigurationPlatforms) = postSolution
		{EF59480B-34C3-4007-AE6C-7A87D28FC02B}.Debug|Any CPU.ActiveCfg = Debug|Any CPU
		{EF59480B-34C3-4007-AE6C-7A87D28FC02B}.Debug|Any CPU.Build.0 = Debug|Any CPU
		{EF59480B-34C3-4007-AE6C-7A87D28FC02B}.Release|Any CPU.ActiveCfg = Release|Any CPU
		{EF59480B-34C3-4007-AE6C-7A87D28FC02B}.Release|Any CPU.Build.0 = Release|Any CPU
	EndGlobalSection
	GlobalSection(SolutionProperties) = preSolution
		HideSolutionNode = FALSE
	EndGlobalSection
	GlobalSection(ExtensibilityGlobals) = postSolution
		SolutionGuid = {8C4B4173-AECC-4CF1-A776-85E0D35382A2}
	EndGlobalSection
EndGlobal
